
Microsoft Visual Studio Solution File, Format Version 12.00
# Visual Studio 15
VisualStudioVersion = 15.0.28010.2026
MinimumVisualStudioVersion = 10.0.40219.1
Project("{2150E333-8FDC-42A3-9474-1A3956D46DE8}") = "1 - Presentation", "1 - Presentation", "{89562EAD-2021-4EF3-9551-E83D105B591F}"
EndProject
Project("{2150E333-8FDC-42A3-9474-1A3956D46DE8}") = "2 - Domain", "2 - Domain", "{BF47B850-0398-4D93-A7FB-66FB971331A9}"
EndProject
Project("{2150E333-8FDC-42A3-9474-1A3956D46DE8}") = "3 - Infra", "3 - Infra", "{E4298BC2-7C5A-4F0A-BD3E-B861C194EB59}"
EndProject
Project("{2150E333-8FDC-42A3-9474-1A3956D46DE8}") = "3.1 - Data", "3.1 - Data", "{23B9433D-7205-454F-BA9A-AA7F33463745}"
EndProject
Project("{FAE04EC0-301F-11D3-BF4B-00C04F79EFBC}") = "ControleBO.ElectronNET", "ControleBO.ElectronNET\ControleBO.ElectronNET.csproj", "{77C12D59-27F8-4C4D-BACA-0727A9369F7D}"
EndProject
Project("{FAE04EC0-301F-11D3-BF4B-00C04F79EFBC}") = "ControleBO.Domain", "ControleBO.Domain\ControleBO.Domain.csproj", "{F3E90B14-D4F2-408D-8A9F-666651347E48}"
EndProject
Project("{FAE04EC0-301F-11D3-BF4B-00C04F79EFBC}") = "ControleBO.Infra.Data", "ControleBO.Infra.Data\ControleBO.Infra.Data.csproj", "{426CA732-8007-452E-832A-21F1443C5B10}"
EndProject
Project("{2150E333-8FDC-42A3-9474-1A3956D46DE8}") = "3.2 - CrossCutting", "3.2 - CrossCutting", "{0A9072F8-D245-4ED1-A299-E226CAA55376}"
EndProject
Project("{FAE04EC0-301F-11D3-BF4B-00C04F79EFBC}") = "ControleBO.Infra.CrossCutting.IoC", "ControleBO.Infra.CrossCutting.IoC\ControleBO.Infra.CrossCutting.IoC.csproj", "{2F9EB23D-82A0-4EE9-AE09-A025FA276169}"
EndProject
Global
	GlobalSection(SolutionConfigurationPlatforms) = preSolution
		Debug|Any CPU = Debug|Any CPU
		Release|Any CPU = Release|Any CPU
	EndGlobalSection
	GlobalSection(ProjectConfigurationPlatforms) = postSolution
		{77C12D59-27F8-4C4D-BACA-0727A9369F7D}.Debug|Any CPU.ActiveCfg = Debug|Any CPU
		{77C12D59-27F8-4C4D-BACA-0727A9369F7D}.Debug|Any CPU.Build.0 = Debug|Any CPU
		{77C12D59-27F8-4C4D-BACA-0727A9369F7D}.Release|Any CPU.ActiveCfg = Release|Any CPU
		{77C12D59-27F8-4C4D-BACA-0727A9369F7D}.Release|Any CPU.Build.0 = Release|Any CPU
		{F3E90B14-D4F2-408D-8A9F-666651347E48}.Debug|Any CPU.ActiveCfg = Debug|Any CPU
		{F3E90B14-D4F2-408D-8A9F-666651347E48}.Debug|Any CPU.Build.0 = Debug|Any CPU
		{F3E90B14-D4F2-408D-8A9F-666651347E48}.Release|Any CPU.ActiveCfg = Release|Any CPU
		{F3E90B14-D4F2-408D-8A9F-666651347E48}.Release|Any CPU.Build.0 = Release|Any CPU
		{426CA732-8007-452E-832A-21F1443C5B10}.Debug|Any CPU.ActiveCfg = Debug|Any CPU
		{426CA732-8007-452E-832A-21F1443C5B10}.Debug|Any CPU.Build.0 = Debug|Any CPU
		{426CA732-8007-452E-832A-21F1443C5B10}.Release|Any CPU.ActiveCfg = Release|Any CPU
		{426CA732-8007-452E-832A-21F1443C5B10}.Release|Any CPU.Build.0 = Release|Any CPU
		{2F9EB23D-82A0-4EE9-AE09-A025FA276169}.Debug|Any CPU.ActiveCfg = Debug|Any CPU
		{2F9EB23D-82A0-4EE9-AE09-A025FA276169}.Debug|Any CPU.Build.0 = Debug|Any CPU
		{2F9EB23D-82A0-4EE9-AE09-A025FA276169}.Release|Any CPU.ActiveCfg = Release|Any CPU
		{2F9EB23D-82A0-4EE9-AE09-A025FA276169}.Release|Any CPU.Build.0 = Release|Any CPU
	EndGlobalSection
	GlobalSection(SolutionProperties) = preSolution
		HideSolutionNode = FALSE
	EndGlobalSection
	GlobalSection(NestedProjects) = preSolution
		{23B9433D-7205-454F-BA9A-AA7F33463745} = {E4298BC2-7C5A-4F0A-BD3E-B861C194EB59}
		{77C12D59-27F8-4C4D-BACA-0727A9369F7D} = {89562EAD-2021-4EF3-9551-E83D105B591F}
		{F3E90B14-D4F2-408D-8A9F-666651347E48} = {BF47B850-0398-4D93-A7FB-66FB971331A9}
		{426CA732-8007-452E-832A-21F1443C5B10} = {23B9433D-7205-454F-BA9A-AA7F33463745}
		{0A9072F8-D245-4ED1-A299-E226CAA55376} = {E4298BC2-7C5A-4F0A-BD3E-B861C194EB59}
		{2F9EB23D-82A0-4EE9-AE09-A025FA276169} = {0A9072F8-D245-4ED1-A299-E226CAA55376}
	EndGlobalSection
	GlobalSection(ExtensibilityGlobals) = postSolution
		SolutionGuid = {2D133668-A9F4-4883-AB3A-7AB60B053B4B}
	EndGlobalSection
EndGlobal
